
Microsoft Visual Studio Solution File, Format Version 12.00
# Visual Studio Version 17
VisualStudioVersion = 17.1.32203.90
MinimumVisualStudioVersion = 10.0.40219.1
Project("{FAE04EC0-301F-11D3-BF4B-00C04F79EFBC}") = "Practical4", "Practical4\Practical4.csproj", "{BCFB9CD2-AF5E-45D5-B887-B4561C49DEE4}"
EndProject
Global
	GlobalSection(SolutionConfigurationPlatforms) = preSolution
		Debug|Any CPU = Debug|Any CPU
		Release|Any CPU = Release|Any CPU
	EndGlobalSection
	GlobalSection(ProjectConfigurationPlatforms) = postSolution
		{BCFB9CD2-AF5E-45D5-B887-B4561C49DEE4}.Debug|Any CPU.ActiveCfg = Debug|Any CPU
		{BCFB9CD2-AF5E-45D5-B887-B4561C49DEE4}.Debug|Any CPU.Build.0 = Debug|Any CPU
		{BCFB9CD2-AF5E-45D5-B887-B4561C49DEE4}.Release|Any CPU.ActiveCfg = Release|Any CPU
		{BCFB9CD2-AF5E-45D5-B887-B4561C49DEE4}.Release|Any CPU.Build.0 = Release|Any CPU
	EndGlobalSection
	GlobalSection(SolutionProperties) = preSolution
		HideSolutionNode = FALSE
	EndGlobalSection
	GlobalSection(ExtensibilityGlobals) = postSolution
		SolutionGuid = {A3C378D9-D578-4EAD-890F-23B44190FA46}
	EndGlobalSection
EndGlobal
